Microsoft Visual Studio Solution File, Format Version 12.00
# Visual Studio Version 17
VisualStudioVersion = 17.5.2.0
MinimumVisualStudioVersion = 10.0.40219.1
Project("{FAE04EC0-301F-11D3-BF4B-00C04F79EFBC}") = "SiteServiceMonitor", "SiteServiceMonitor.csproj", "{5E578A67-A6C2-02A8-A4E9-B8531241A1B0}"
EndProject
Global
	GlobalSection(SolutionConfigurationPlatforms) = preSolution
		Debug|Any CPU = Debug|Any CPU
		Release|Any CPU = Release|Any CPU
	EndGlobalSection
	GlobalSection(ProjectConfigurationPlatforms) = postSolution
		{5E578A67-A6C2-02A8-A4E9-B8531241A1B0}.Debug|Any CPU.ActiveCfg = Debug|Any CPU
		{5E578A67-A6C2-02A8-A4E9-B8531241A1B0}.Debug|Any CPU.Build.0 = Debug|Any CPU
		{5E578A67-A6C2-02A8-A4E9-B8531241A1B0}.Release|Any CPU.ActiveCfg = Release|Any CPU
		{5E578A67-A6C2-02A8-A4E9-B8531241A1B0}.Release|Any CPU.Build.0 = Release|Any CPU
	EndGlobalSection
	GlobalSection(SolutionProperties) = preSolution
		HideSolutionNode = FALSE
	EndGlobalSection
	GlobalSection(ExtensibilityGlobals) = postSolution
		SolutionGuid = {B4324968-6FA9-46A6-A471-9EFF21FDDCBA}
	EndGlobalSection
EndGlobal
